// !$*UTF8*$!
{
	archiveVersion = 1;
	classes = {
	};
	objectVersion = 46;
	objects = {

/* Begin PBXBuildFile section */
		50287EA119687D77003F9D35 /* AppDelegate.swift in Sources */ = {isa = PBXBuildFile; fileRef = 50287EA019687D77003F9D35 /* AppDelegate.swift */; };
		50287EA319687D77003F9D35 /* ViewController.swift in Sources */ = {isa = PBXBuildFile; fileRef = 50287EA219687D77003F9D35 /* ViewController.swift */; };
		50287EA619687D77003F9D35 /* Main.storyboard in Resources */ = {isa = PBXBuildFile; fileRef = 50287EA419687D77003F9D35 /* Main.storyboard */; };
		50287EA819687D77003F9D35 /* Images.xcassets in Resources */ = {isa = PBXBuildFile; fileRef = 50287EA719687D77003F9D35 /* Images.xcassets */; };
		5074A52419687F03002F7E9C /* NSBundle+UIKitBundle.swift in Sources */ = {isa = PBXBuildFile; fileRef = 5074A52319687F03002F7E9C /* NSBundle+UIKitBundle.swift */; };
		5074A52619688280002F7E9C /* NSBundle+CommonLocalizations.swift in Sources */ = {isa = PBXBuildFile; fileRef = 5074A52519688280002F7E9C /* NSBundle+CommonLocalizations.swift */; };
/* End PBXBuildFile section */

/* Begin PBXFileReference section */
		50287E9B19687D77003F9D35 /* UIKitCommonLocalizationSwift.app */ = {isa = PBXFileReference; explicitFileType = wrapper.application; includeInIndex = 0; path = UIKitCommonLocalizationSwift.app; sourceTree = BUILT_PRODUCTS_DIR; };
		50287E9F19687D77003F9D35 /* Info.plist */ = {isa = PBXFileReference; lastKnownFileType = text.plist.xml; path = Info.plist; sourceTree = "<group>"; };
		50287EA019687D77003F9D35 /* AppDelegate.swift */ = {isa = PBXFileReference; lastKnownFileType = sourcecode.swift; path = AppDelegate.swift; sourceTree = "<group>"; };
		50287EA219687D77003F9D35 /* ViewController.swift */ = {isa = PBXFileReference; lastKnownFileType = sourcecode.swift; path = ViewController.swift; sourceTree = "<group>"; };
		50287EA519687D77003F9D35 /* Base */ = {isa = PBXFileReference; lastKnownFileType = file.storyboard; name = Base; path = Base.lproj/Main.storyboard; sourceTree = "<group>"; };
		50287EA719687D77003F9D35 /* Images.xcassets */ = {isa = PBXFileReference; lastKnownFileType = folder.assetcatalog; path = Images.xcassets; sourceTree = "<group>"; };
		5074A52319687F03002F7E9C /* NSBundle+UIKitBundle.swift */ = {isa = PBXFileReference; fileEncoding = 4; lastKnownFileType = sourcecode.swift; path = "NSBundle+UIKitBundle.swift"; sourceTree = "<group>"; };
		5074A52519688280002F7E9C /* NSBundle+CommonLocalizations.swift */ = {isa = PBXFileReference; fileEncoding = 4; lastKnownFileType = sourcecode.swift; path = "NSBundle+CommonLocalizations.swift"; sourceTree = "<group>"; };
/* End PBXFileReference section */

/* Begin PBXFrameworksBuildPhase section */
		50287E9819687D77003F9D35 /* Frameworks */ = {
			isa = PBXFrameworksBuildPhase;
			buildActionMask = 2147483647;
			files = (
			);
			runOnlyForDeploymentPostprocessing = 0;
		};
/* End PBXFrameworksBuildPhase section */

/* Begin PBXGroup section */
		50287E9219687D77003F9D35 = {
			isa = PBXGroup;
			children = (
				50287E9D19687D77003F9D35 /* UIKitCommonLocalizationSwift */,
				50287E9C19687D77003F9D35 /* Products */,
			);
			sourceTree = "<group>";
		};
		50287E9C19687D77003F9D35 /* Products */ = {
			isa = PBXGroup;
			children = (
				50287E9B19687D77003F9D35 /* UIKitCommonLocalizationSwift.app */,
			);
			name = Products;
			sourceTree = "<group>";
		};
		50287E9D19687D77003F9D35 /* UIKitCommonLocalizationSwift */ = {
			isa = PBXGroup;
			children = (
				50287EA019687D77003F9D35 /* AppDelegate.swift */,
				50287EA219687D77003F9D35 /* ViewController.swift */,
				5074A52319687F03002F7E9C /* NSBundle+UIKitBundle.swift */,
				5074A52519688280002F7E9C /* NSBundle+CommonLocalizations.swift */,
				50287EA419687D77003F9D35 /* Main.storyboard */,
				50287EA719687D77003F9D35 /* Images.xcassets */,
				50287E9E19687D77003F9D35 /* Supporting Files */,
			);
			path = UIKitCommonLocalizationSwift;
			sourceTree = "<group>";
		};
		50287E9E19687D77003F9D35 /* Supporting Files */ = {
			isa = PBXGroup;
			children = (
				50287E9F19687D77003F9D35 /* Info.plist */,
			);
			name = "Supporting Files";
			sourceTree = "<group>";
		};
/* End PBXGroup section */

/* Begin PBXNativeTarget section */
		50287E9A19687D77003F9D35 /* UIKitCommonLocalizationSwift */ = {
			isa = PBXNativeTarget;
			buildConfigurationList = 50287EB719687D78003F9D35 /* Build configuration list for PBXNativeTarget "UIKitCommonLocalizationSwift" */;
			buildPhases = (
				50287E9719687D77003F9D35 /* Sources */,
				50287E9819687D77003F9D35 /* Frameworks */,
				50287E9919687D77003F9D35 /* Resources */,
			);
			buildRules = (
			);
			dependencies = (
			);
			name = UIKitCommonLocalizationSwift;
			productName = UIKitCommonLocalizationsSwift;
			productReference = 50287E9B19687D77003F9D35 /* UIKitCommonLocalizationSwift.app */;
			productType = "com.apple.product-type.application";
		};
/* End PBXNativeTarget section */

/* Begin PBXProject section */
		50287E9319687D77003F9D35 /* Project object */ = {
			isa = PBXProject;
			attributes = {
				LastUpgradeCheck = 0600;
				ORGANIZATIONNAME = McZonk;
				TargetAttributes = {
					50287E9A19687D77003F9D35 = {
						CreatedOnToolsVersion = 6.0;
					};
				};
			};
			buildConfigurationList = 50287E9619687D77003F9D35 /* Build configuration list for PBXProject "UIKitCommonLocalizationSwift" */;
			compatibilityVersion = "Xcode 3.2";
			developmentRegion = English;
			hasScannedForEncodings = 0;
			knownRegions = (
				en,
				Base,
			);
			mainGroup = 50287E9219687D77003F9D35;
			productRefGroup = 50287E9C19687D77003F9D35 /* Products */;
			projectDirPath = "";
			projectRoot = "";
			targets = (
				50287E9A19687D77003F9D35 /* UIKitCommonLocalizationSwift */,
			);
		};
/* End PBXProject section */

/* Begin PBXResourcesBuildPhase section */
		50287E9919687D77003F9D35 /* Resources */ = {
			isa = PBXResourcesBuildPhase;
			buildActionMask = 2147483647;
			files = (
				50287EA619687D77003F9D35 /* Main.storyboard in Resources */,
				50287EA819687D77003F9D35 /* Images.xcassets in Resources */,
			);
			runOnlyForDeploymentPostprocessing = 0;
		};
/* End PBXResourcesBuildPhase section */

/* Begin PBXSourcesBuildPhase section */
		50287E9719687D77003F9D35 /* Sources */ = {
			isa = PBXSourcesBuildPhase;
			buildActionMask = 2147483647;
			files = (
				5074A52619688280002F7E9C /* NSBundle+CommonLocalizations.swift in Sources */,
				50287EA319687D77003F9D35 /* ViewController.swift in Sources */,
				5074A52419687F03002F7E9C /* NSBundle+UIKitBundle.swift in Sources */,
				50287EA119687D77003F9D35 /* AppDelegate.swift in Sources */,
			);
			runOnlyForDeploymentPostprocessing = 0;
		};
/* End PBXSourcesBuildPhase section */

/* Begin PBXVariantGroup section */
		50287EA419687D77003F9D35 /* Main.storyboard */ = {
			isa = PBXVariantGroup;
			children = (
				50287EA519687D77003F9D35 /* Base */,
			);
			name = Main.storyboard;
			sourceTree = "<group>";
		};
/* End PBXVariantGroup section */

/* Begin XCBuildConfiguration section */
		50287EB519687D78003F9D35 /* Debug */ = {
			isa = XCBuildConfiguration;
			buildSettings = {
				ALWAYS_SEARCH_USER_PATHS = NO;
				CLANG_CXX_LANGUAGE_STANDARD = "gnu++0x";
				CLANG_CXX_LIBRARY = "libc++";
				CLANG_ENABLE_MODULES = YES;
				CLANG_ENABLE_OBJC_ARC = YES;
				CLANG_WARN_BOOL_CONVERSION = YES;
				CLANG_WARN_CONSTANT_CONVERSION = YES;
				CLANG_WARN_DIRECT_OBJC_ISA_USAGE = YES_ERROR;
				CLANG_WARN_EMPTY_BODY = YES;
				CLANG_WARN_ENUM_CONVERSION = YES;
				CLANG_WARN_INT_CONVERSION = YES;
				CLANG_WARN_OBJC_ROOT_CLASS = YES_ERROR;
				CLANG_WARN_UNREACHABLE_CODE = YES;
				CLANG_WARN__DUPLICATE_METHOD_MATCH = YES;
				"CODE_SIGN_IDENTITY[sdk=iphoneos*]" = "iPhone Developer";
				COPY_PHASE_STRIP = NO;
				ENABLE_STRICT_OBJC_MSGSEND = YES;
				GCC_C_LANGUAGE_STANDARD = gnu99;
				GCC_DYNAMIC_NO_PIC = NO;
				GCC_OPTIMIZATION_LEVEL = 0;
				GCC_PREPROCESSOR_DEFINITIONS = (
					"DEBUG=1",
					"$(inherited)",
				);
				GCC_SYMBOLS_PRIVATE_EXTERN = NO;
				GCC_WARN_64_TO_32_BIT_CONVERSION = YES;
				GCC_WARN_ABOUT_RETURN_TYPE = YES_ERROR;
				GCC_WARN_UNDECLARED_SELECTOR = YES;
				GCC_WARN_UNINITIALIZED_AUTOS = YES_AGGRESSIVE;
				GCC_WARN_UNUSED_FUNCTION = YES;
				GCC_WARN_UNUSED_VARIABLE = YES;
				IPHONEOS_DEPLOYMENT_TARGET = 8.0;
				METAL_ENABLE_DEBUG_INFO = YES;
				ONLY_ACTIVE_ARCH = YES;
				SDKROOT = iphoneos;
				SWIFT_OPTIMIZATION_LEVEL = "-Onone";
			};
			name = Debug;
		};
		50287EB619687D78003F9D35 /* Release */ = {
			isa = XCBuildConfiguration;
			buildSettings = {
				ALWAYS_SEARCH_USER_PATHS = NO;
				CLANG_CXX_LANGUAGE_STANDARD = "gnu++0x";
				CLANG_CXX_LIBRARY = "libc++";
				CLANG_ENABLE_MODULES = YES;
				CLANG_ENABLE_OBJC_ARC = YES;
				CLANG_WARN_BOOL_CONVERSION = YES;
				CLANG_WARN_CONSTANT_CONVERSION = YES;
				CLANG_WARN_DIRECT_OBJC_ISA_USAGE = YES_ERROR;
				CLANG_WARN_EMPTY_BODY = YES;
				CLANG_WARN_ENUM_CONVERSION = YES;
				CLANG_WARN_INT_CONVERSION = YES;
				CLANG_WARN_OBJC_ROOT_CLASS = YES_ERROR;
				CLANG_WARN_UNREACHABLE_CODE = YES;
				CLANG_WARN__DUPLICATE_METHOD_MATCH = YES;
				"CODE_SIGN_IDENTITY[sdk=iphoneos*]" = "iPhone Developer";
				COPY_PHASE_STRIP = YES;
				ENABLE_NS_ASSERTIONS = NO;
				ENABLE_STRICT_OBJC_MSGSEND = YES;
				GCC_C_LANGUAGE_STANDARD = gnu99;
				GCC_WARN_64_TO_32_BIT_CONVERSION = YES;
				GCC_WARN_ABOUT_RETURN_TYPE = YES_ERROR;
				GCC_WARN_UNDECLARED_SELECTOR = YES;
				GCC_WARN_UNINITIALIZED_AUTOS = YES_AGGRESSIVE;
				GCC_WARN_UNUSED_FUNCTION = YES;
				GCC_WARN_UNUSED_VARIABLE = YES;
				IPHONEOS_DEPLOYMENT_TARGET = 8.0;
				METAL_ENABLE_DEBUG_INFO = NO;
				SDKROOT = iphoneos;
				VALIDATE_PRODUCT = YES;
			};
			name = Release;
		};
		50287EB819687D78003F9D35 /* Debug */ = {
			isa = XCBuildConfiguration;
			buildSettings = {
				ASSETCATALOG_COMPILER_APPICON_NAME = AppIcon;
				ASSETCATALOG_COMPILER_LAUNCHIMAGE_NAME = LaunchImage;
				INFOPLIST_FILE = UIKitCommonLocalizationSwift/Info.plist;
				LD_RUNPATH_SEARCH_PATHS = "$(inherited) @executable_path/Frameworks";
				PRODUCT_NAME = UIKitCommonLocalizationSwift;
			};
			name = Debug;
		};
		50287EB919687D78003F9D35 /* Release */ = {
			isa = XCBuildConfiguration;
			buildSettings = {
				ASSETCATALOG_COMPILER_APPICON_NAME = AppIcon;
				ASSETCATALOG_COMPILER_LAUNCHIMAGE_NAME = LaunchImage;
				INFOPLIST_FILE = UIKitCommonLocalizationSwift/Info.plist;
				LD_RUNPATH_SEARCH_PATHS = "$(inherited) @executable_path/Frameworks";
				PRODUCT_NAME = UIKitCommonLocalizationSwift;
			};
			name = Release;
		};
/* End XCBuildConfiguration section */

/* Begin XCConfigurationList section */
		50287E9619687D77003F9D35 /* Build configuration list for PBXProject "UIKitCommonLocalizationSwift" */ = {
			isa = XCConfigurationList;
			buildConfigurations = (
				50287EB519687D78003F9D35 /* Debug */,
				50287EB619687D78003F9D35 /* Release */,
			);
			defaultConfigurationIsVisible = 0;
			defaultConfigurationName = Release;
		};
		50287EB719687D78003F9D35 /* Build configuration list for PBXNativeTarget "UIKitCommonLocalizationSwift" */ = {
			isa = XCConfigurationList;
			buildConfigurations = (
				50287EB819687D78003F9D35 /* Debug */,
				50287EB919687D78003F9D35 /* Release */,
			);
			defaultConfigurationIsVisible = 0;
			defaultConfigurationName = Release;
		};
/* End XCConfigurationList section */
	};
	rootObject = 50287E9319687D77003F9D35 /* Project object */;
}
